
Microsoft Visual Studio Solution File, Format Version 12.00
# Visual Studio Version 17
VisualStudioVersion = 17.4.33122.133
MinimumVisualStudioVersion = 10.0.40219.1
Project("{FAE04EC0-301F-11D3-BF4B-00C04F79EFBC}") = "WindowsFormsApp3", "WindowsFormsApp3.csproj", "{D05BAB9B-98E5-4D36-9972-0A5BA9776CF8}"
EndProject
Global
	GlobalSection(SolutionConfigurationPlatforms) = preSolution
		Debug|Any CPU = Debug|Any CPU
		Release|Any CPU = Release|Any CPU
	EndGlobalSection
	GlobalSection(ProjectConfigurationPlatforms) = postSolution
		{D05BAB9B-98E5-4D36-9972-0A5BA9776CF8}.Debug|Any CPU.ActiveCfg = Debug|Any CPU
		{D05BAB9B-98E5-4D36-9972-0A5BA9776CF8}.Debug|Any CPU.Build.0 = Debug|Any CPU
		{D05BAB9B-98E5-4D36-9972-0A5BA9776CF8}.Release|Any CPU.ActiveCfg = Release|Any CPU
		{D05BAB9B-98E5-4D36-9972-0A5BA9776CF8}.Release|Any CPU.Build.0 = Release|Any CPU
	EndGlobalSection
	GlobalSection(SolutionProperties) = preSolution
		HideSolutionNode = FALSE
	EndGlobalSection
	GlobalSection(ExtensibilityGlobals) = postSolution
		SolutionGuid = {7CE3B758-60BB-43F2-8F95-FFAD910430C9}
	EndGlobalSection
EndGlobal
